
Microsoft Visual Studio Solution File, Format Version 12.00
# Visual Studio Version 16
VisualStudioVersion = 16.0.31410.357
MinimumVisualStudioVersion = 10.0.40219.1
Project("{2150E333-8FDC-42A3-9474-1A3956D46DE8}") = "Core", "Core", "{42DEFACB-2BF3-42D2-BC22-054E0AF7D3FA}"
EndProject
Project("{2150E333-8FDC-42A3-9474-1A3956D46DE8}") = "Infrastructure", "Infrastructure", "{62CA5EA2-2358-495F-9037-A92A3ACE1403}"
EndProject
Project("{2150E333-8FDC-42A3-9474-1A3956D46DE8}") = "Presentation", "Presentation", "{22DAF8DA-FC02-48C6-8F8B-0784A1664AFA}"
EndProject
Project("{2150E333-8FDC-42A3-9474-1A3956D46DE8}") = "Tests", "Tests", "{C614C49B-186E-422A-9082-8CAD2323D126}"
EndProject
Project("{FAE04EC0-301F-11D3-BF4B-00C04F79EFBC}") = "RepositoryApplication", "RepositoryApplication\RepositoryApplication.csproj", "{29D54C7C-910A-42AD-8D43-AA605A40414F}"
EndProject
Project("{FAE04EC0-301F-11D3-BF4B-00C04F79EFBC}") = "RepositoryDomain", "RepositoryDomain\RepositoryDomain.csproj", "{A7773C98-C9B3-4BBD-808F-D82DE6FBF462}"
EndProject
Project("{FAE04EC0-301F-11D3-BF4B-00C04F79EFBC}") = "RepositoryPersistence", "RepositoryPersistence\RepositoryPersistence.csproj", "{1F21B3F4-A6A9-4025-949C-F245C1FA46BC}"
EndProject
Project("{FAE04EC0-301F-11D3-BF4B-00C04F79EFBC}") = "ConvertDocxToPdfService", "ConvertDocxToPdfService\ConvertDocxToPdfService.csproj", "{4C2C97D6-F4D9-4275-A5B2-E5986DC3E991}"
EndProject
Project("{FAE04EC0-301F-11D3-BF4B-00C04F79EFBC}") = "RepositoryWebApi", "RepositoryWebApi\RepositoryWebApi.csproj", "{CBAC7C30-E45A-451C-A137-6BACF1BCDF56}"
EndProject
Global
	GlobalSection(SolutionConfigurationPlatforms) = preSolution
		Debug|Any CPU = Debug|Any CPU
		Release|Any CPU = Release|Any CPU
	EndGlobalSection
	GlobalSection(ProjectConfigurationPlatforms) = postSolution
		{29D54C7C-910A-42AD-8D43-AA605A40414F}.Debug|Any CPU.ActiveCfg = Debug|Any CPU
		{29D54C7C-910A-42AD-8D43-AA605A40414F}.Debug|Any CPU.Build.0 = Debug|Any CPU
		{29D54C7C-910A-42AD-8D43-AA605A40414F}.Release|Any CPU.ActiveCfg = Release|Any CPU
		{29D54C7C-910A-42AD-8D43-AA605A40414F}.Release|Any CPU.Build.0 = Release|Any CPU
		{A7773C98-C9B3-4BBD-808F-D82DE6FBF462}.Debug|Any CPU.ActiveCfg = Debug|Any CPU
		{A7773C98-C9B3-4BBD-808F-D82DE6FBF462}.Debug|Any CPU.Build.0 = Debug|Any CPU
		{A7773C98-C9B3-4BBD-808F-D82DE6FBF462}.Release|Any CPU.ActiveCfg = Release|Any CPU
		{A7773C98-C9B3-4BBD-808F-D82DE6FBF462}.Release|Any CPU.Build.0 = Release|Any CPU
		{1F21B3F4-A6A9-4025-949C-F245C1FA46BC}.Debug|Any CPU.ActiveCfg = Debug|Any CPU
		{1F21B3F4-A6A9-4025-949C-F245C1FA46BC}.Debug|Any CPU.Build.0 = Debug|Any CPU
		{1F21B3F4-A6A9-4025-949C-F245C1FA46BC}.Release|Any CPU.ActiveCfg = Release|Any CPU
		{1F21B3F4-A6A9-4025-949C-F245C1FA46BC}.Release|Any CPU.Build.0 = Release|Any CPU
		{4C2C97D6-F4D9-4275-A5B2-E5986DC3E991}.Debug|Any CPU.ActiveCfg = Debug|Any CPU
		{4C2C97D6-F4D9-4275-A5B2-E5986DC3E991}.Debug|Any CPU.Build.0 = Debug|Any CPU
		{4C2C97D6-F4D9-4275-A5B2-E5986DC3E991}.Release|Any CPU.ActiveCfg = Release|Any CPU
		{4C2C97D6-F4D9-4275-A5B2-E5986DC3E991}.Release|Any CPU.Build.0 = Release|Any CPU
		{CBAC7C30-E45A-451C-A137-6BACF1BCDF56}.Debug|Any CPU.ActiveCfg = Debug|Any CPU
		{CBAC7C30-E45A-451C-A137-6BACF1BCDF56}.Debug|Any CPU.Build.0 = Debug|Any CPU
		{CBAC7C30-E45A-451C-A137-6BACF1BCDF56}.Release|Any CPU.ActiveCfg = Release|Any CPU
		{CBAC7C30-E45A-451C-A137-6BACF1BCDF56}.Release|Any CPU.Build.0 = Release|Any CPU
	EndGlobalSection
	GlobalSection(SolutionProperties) = preSolution
		HideSolutionNode = FALSE
	EndGlobalSection
	GlobalSection(NestedProjects) = preSolution
		{29D54C7C-910A-42AD-8D43-AA605A40414F} = {42DEFACB-2BF3-42D2-BC22-054E0AF7D3FA}
		{A7773C98-C9B3-4BBD-808F-D82DE6FBF462} = {42DEFACB-2BF3-42D2-BC22-054E0AF7D3FA}
		{1F21B3F4-A6A9-4025-949C-F245C1FA46BC} = {62CA5EA2-2358-495F-9037-A92A3ACE1403}
		{4C2C97D6-F4D9-4275-A5B2-E5986DC3E991} = {22DAF8DA-FC02-48C6-8F8B-0784A1664AFA}
		{CBAC7C30-E45A-451C-A137-6BACF1BCDF56} = {22DAF8DA-FC02-48C6-8F8B-0784A1664AFA}
	EndGlobalSection
	GlobalSection(ExtensibilityGlobals) = postSolution
		SolutionGuid = {52ED6C91-8E7B-4080-836A-FD1F623F7E73}
	EndGlobalSection
EndGlobal
