
Microsoft Visual Studio Solution File, Format Version 12.00
# Visual Studio Version 16
VisualStudioVersion = 16.0.31410.357
MinimumVisualStudioVersion = 10.0.40219.1
Project("{2150E333-8FDC-42A3-9474-1A3956D46DE8}") = "Models", "Models", "{C531275B-C8E1-4B6B-B347-C28E5020D0F5}"
EndProject
Project("{2150E333-8FDC-42A3-9474-1A3956D46DE8}") = "ConfigurationFiles", "ConfigurationFiles", "{05E56B48-9519-4EDE-8397-C0BF47D2E199}"
EndProject
Project("{2150E333-8FDC-42A3-9474-1A3956D46DE8}") = "Service", "Service", "{714A2CCF-532A-46A5-A593-CE5290FAD2B5}"
EndProject
Project("{9A19103F-16F7-4668-BE54-9A1E7A4F7556}") = "LibraryModels", "LibraryModels\LibraryModels.csproj", "{75102746-2860-4DC4-B2F2-7C899480858B}"
EndProject
Project("{9A19103F-16F7-4668-BE54-9A1E7A4F7556}") = "ConfigLibrary", "ConfigLibrary\ConfigLibrary.csproj", "{7ADE391D-EFA6-4CE5-B898-030204CD0C88}"
	ProjectSection(ProjectDependencies) = postProject
		{75102746-2860-4DC4-B2F2-7C899480858B} = {75102746-2860-4DC4-B2F2-7C899480858B}
	EndProjectSection
EndProject
Project("{9A19103F-16F7-4668-BE54-9A1E7A4F7556}") = "ConvertService", "ConvertService\ConvertService.csproj", "{5193117C-1A69-4671-B31A-25F89EB348BD}"
	ProjectSection(ProjectDependencies) = postProject
		{7ADE391D-EFA6-4CE5-B898-030204CD0C88} = {7ADE391D-EFA6-4CE5-B898-030204CD0C88}
		{75102746-2860-4DC4-B2F2-7C899480858B} = {75102746-2860-4DC4-B2F2-7C899480858B}
	EndProjectSection
EndProject
Global
	GlobalSection(SolutionConfigurationPlatforms) = preSolution
		Debug|Any CPU = Debug|Any CPU
		Release|Any CPU = Release|Any CPU
	EndGlobalSection
	GlobalSection(ProjectConfigurationPlatforms) = postSolution
		{75102746-2860-4DC4-B2F2-7C899480858B}.Debug|Any CPU.ActiveCfg = Debug|Any CPU
		{75102746-2860-4DC4-B2F2-7C899480858B}.Debug|Any CPU.Build.0 = Debug|Any CPU
		{75102746-2860-4DC4-B2F2-7C899480858B}.Release|Any CPU.ActiveCfg = Release|Any CPU
		{75102746-2860-4DC4-B2F2-7C899480858B}.Release|Any CPU.Build.0 = Release|Any CPU
		{7ADE391D-EFA6-4CE5-B898-030204CD0C88}.Debug|Any CPU.ActiveCfg = Debug|Any CPU
		{7ADE391D-EFA6-4CE5-B898-030204CD0C88}.Debug|Any CPU.Build.0 = Debug|Any CPU
		{7ADE391D-EFA6-4CE5-B898-030204CD0C88}.Release|Any CPU.ActiveCfg = Release|Any CPU
		{7ADE391D-EFA6-4CE5-B898-030204CD0C88}.Release|Any CPU.Build.0 = Release|Any CPU
		{5193117C-1A69-4671-B31A-25F89EB348BD}.Debug|Any CPU.ActiveCfg = Debug|Any CPU
		{5193117C-1A69-4671-B31A-25F89EB348BD}.Debug|Any CPU.Build.0 = Debug|Any CPU
		{5193117C-1A69-4671-B31A-25F89EB348BD}.Release|Any CPU.ActiveCfg = Release|Any CPU
		{5193117C-1A69-4671-B31A-25F89EB348BD}.Release|Any CPU.Build.0 = Release|Any CPU
	EndGlobalSection
	GlobalSection(SolutionProperties) = preSolution
		HideSolutionNode = FALSE
	EndGlobalSection
	GlobalSection(NestedProjects) = preSolution
		{75102746-2860-4DC4-B2F2-7C899480858B} = {C531275B-C8E1-4B6B-B347-C28E5020D0F5}
		{7ADE391D-EFA6-4CE5-B898-030204CD0C88} = {05E56B48-9519-4EDE-8397-C0BF47D2E199}
		{5193117C-1A69-4671-B31A-25F89EB348BD} = {714A2CCF-532A-46A5-A593-CE5290FAD2B5}
	EndGlobalSection
	GlobalSection(ExtensibilityGlobals) = postSolution
		SolutionGuid = {F635BAA7-7815-44EC-B4C5-16D142B81E0C}
	EndGlobalSection
EndGlobal
