
Microsoft Visual Studio Solution File, Format Version 12.00
# Visual Studio Version 16
VisualStudioVersion = 16.0.31410.357
MinimumVisualStudioVersion = 10.0.40219.1
Project("{2150E333-8FDC-42A3-9474-1A3956D46DE8}") = "Core", "Core", "{4D68EEF4-3BE4-4E9B-83AE-EAE6DBEEFFDC}"
EndProject
Project("{2150E333-8FDC-42A3-9474-1A3956D46DE8}") = "Infrastructure", "Infrastructure", "{D2FF3B43-4D40-4605-B5C4-801B4E0C7F24}"
EndProject
Project("{2150E333-8FDC-42A3-9474-1A3956D46DE8}") = "Presentation", "Presentation", "{340B2909-F035-44DD-BEC7-B1E212C049A1}"
EndProject
Project("{2150E333-8FDC-42A3-9474-1A3956D46DE8}") = "Tests", "Tests", "{AF1F640C-C360-4249-9429-7B41E2F93970}"
EndProject
Project("{9A19103F-16F7-4668-BE54-9A1E7A4F7556}") = "LibraryModels", "LibraryModels\LibraryModels.csproj", "{BB500DAB-238A-4BAD-A3A6-C1837F3174C1}"
EndProject
Project("{9A19103F-16F7-4668-BE54-9A1E7A4F7556}") = "ServicePersistence", "ServicePersistence\ServicePersistence.csproj", "{D527B20A-CECD-4039-BAAF-25CF95D12870}"
EndProject
Project("{9A19103F-16F7-4668-BE54-9A1E7A4F7556}") = "LibraryApplication", "LibraryApplication\LibraryApplication.csproj", "{4473C22E-078A-4E66-A707-E997B9340262}"
EndProject
Project("{9A19103F-16F7-4668-BE54-9A1E7A4F7556}") = "ConvertDocxToPdfService", "ConvertDocxToPdfService\ConvertDocxToPdfService.csproj", "{8A798FD1-FDDB-40A6-BEE2-77E739F707FD}"
EndProject
Project("{FAE04EC0-301F-11D3-BF4B-00C04F79EFBC}") = "ServiceWebApi", "ServiceWebApi\ServiceWebApi.csproj", "{A77121C6-B0F8-4C90-9294-6670257E990E}"
EndProject
Global
	GlobalSection(SolutionConfigurationPlatforms) = preSolution
		Debug|Any CPU = Debug|Any CPU
		Release|Any CPU = Release|Any CPU
	EndGlobalSection
	GlobalSection(ProjectConfigurationPlatforms) = postSolution
		{BB500DAB-238A-4BAD-A3A6-C1837F3174C1}.Debug|Any CPU.ActiveCfg = Debug|Any CPU
		{BB500DAB-238A-4BAD-A3A6-C1837F3174C1}.Debug|Any CPU.Build.0 = Debug|Any CPU
		{BB500DAB-238A-4BAD-A3A6-C1837F3174C1}.Release|Any CPU.ActiveCfg = Release|Any CPU
		{BB500DAB-238A-4BAD-A3A6-C1837F3174C1}.Release|Any CPU.Build.0 = Release|Any CPU
		{D527B20A-CECD-4039-BAAF-25CF95D12870}.Debug|Any CPU.ActiveCfg = Debug|Any CPU
		{D527B20A-CECD-4039-BAAF-25CF95D12870}.Debug|Any CPU.Build.0 = Debug|Any CPU
		{D527B20A-CECD-4039-BAAF-25CF95D12870}.Release|Any CPU.ActiveCfg = Release|Any CPU
		{D527B20A-CECD-4039-BAAF-25CF95D12870}.Release|Any CPU.Build.0 = Release|Any CPU
		{4473C22E-078A-4E66-A707-E997B9340262}.Debug|Any CPU.ActiveCfg = Debug|Any CPU
		{4473C22E-078A-4E66-A707-E997B9340262}.Debug|Any CPU.Build.0 = Debug|Any CPU
		{4473C22E-078A-4E66-A707-E997B9340262}.Release|Any CPU.ActiveCfg = Release|Any CPU
		{4473C22E-078A-4E66-A707-E997B9340262}.Release|Any CPU.Build.0 = Release|Any CPU
		{8A798FD1-FDDB-40A6-BEE2-77E739F707FD}.Debug|Any CPU.ActiveCfg = Debug|Any CPU
		{8A798FD1-FDDB-40A6-BEE2-77E739F707FD}.Debug|Any CPU.Build.0 = Debug|Any CPU
		{8A798FD1-FDDB-40A6-BEE2-77E739F707FD}.Release|Any CPU.ActiveCfg = Release|Any CPU
		{8A798FD1-FDDB-40A6-BEE2-77E739F707FD}.Release|Any CPU.Build.0 = Release|Any CPU
		{A77121C6-B0F8-4C90-9294-6670257E990E}.Debug|Any CPU.ActiveCfg = Debug|Any CPU
		{A77121C6-B0F8-4C90-9294-6670257E990E}.Debug|Any CPU.Build.0 = Debug|Any CPU
		{A77121C6-B0F8-4C90-9294-6670257E990E}.Release|Any CPU.ActiveCfg = Release|Any CPU
		{A77121C6-B0F8-4C90-9294-6670257E990E}.Release|Any CPU.Build.0 = Release|Any CPU
	EndGlobalSection
	GlobalSection(SolutionProperties) = preSolution
		HideSolutionNode = FALSE
	EndGlobalSection
	GlobalSection(NestedProjects) = preSolution
		{BB500DAB-238A-4BAD-A3A6-C1837F3174C1} = {4D68EEF4-3BE4-4E9B-83AE-EAE6DBEEFFDC}
		{D527B20A-CECD-4039-BAAF-25CF95D12870} = {D2FF3B43-4D40-4605-B5C4-801B4E0C7F24}
		{4473C22E-078A-4E66-A707-E997B9340262} = {4D68EEF4-3BE4-4E9B-83AE-EAE6DBEEFFDC}
		{8A798FD1-FDDB-40A6-BEE2-77E739F707FD} = {340B2909-F035-44DD-BEC7-B1E212C049A1}
		{A77121C6-B0F8-4C90-9294-6670257E990E} = {340B2909-F035-44DD-BEC7-B1E212C049A1}
	EndGlobalSection
	GlobalSection(ExtensibilityGlobals) = postSolution
		SolutionGuid = {ACC82CEC-7685-44F1-9B08-58FBDC20D6E9}
	EndGlobalSection
EndGlobal
