
Microsoft Visual Studio Solution File, Format Version 12.00
# Visual Studio Version 16
VisualStudioVersion = 16.0.31410.357
MinimumVisualStudioVersion = 10.0.40219.1
Project("{2150E333-8FDC-42A3-9474-1A3956D46DE8}") = "Core", "Core", "{6198DA5E-18DC-4378-9109-26EA00B431F9}"
EndProject
Project("{2150E333-8FDC-42A3-9474-1A3956D46DE8}") = "Infrastructure", "Infrastructure", "{AA65C9A2-8E61-4A83-88E4-8663F382E7C4}"
EndProject
Project("{2150E333-8FDC-42A3-9474-1A3956D46DE8}") = "Presentation", "Presentation", "{4CBB33D9-D556-4760-8984-0CE2B12598EE}"
EndProject
Project("{2150E333-8FDC-42A3-9474-1A3956D46DE8}") = "Tests", "Tests", "{6AAFE233-F0E8-40A4-A531-B70DF20E3927}"
EndProject
Project("{9A19103F-16F7-4668-BE54-9A1E7A4F7556}") = "RepositoryWebApi", "Repository.WebApi\RepositoryWebApi.csproj", "{3DB0B73D-98B4-442E-940D-9E9661E86592}"
EndProject
Project("{9A19103F-16F7-4668-BE54-9A1E7A4F7556}") = "RepositoryPersistence", "Repository.Persistence\RepositoryPersistence.csproj", "{6577BB97-06AF-4373-981A-42D536190A73}"
EndProject
Project("{9A19103F-16F7-4668-BE54-9A1E7A4F7556}") = "RepositoryDomain", "Repository,Domain\RepositoryDomain.csproj", "{FAB45EC5-E536-4D41-8F79-6D3ED438C5A0}"
EndProject
Project("{9A19103F-16F7-4668-BE54-9A1E7A4F7556}") = "RepositoryApplication", "Repository,Application\RepositoryApplication.csproj", "{53B372F3-D7A7-40C5-B8BB-375DB61E685F}"
EndProject
Project("{FAE04EC0-301F-11D3-BF4B-00C04F79EFBC}") = "ConvertDocxToPdfService", "ConvertDocxToPdfService\ConvertDocxToPdfService.csproj", "{C32CC475-D46C-4D01-A284-71F51E422B7E}"
EndProject
Global
	GlobalSection(SolutionConfigurationPlatforms) = preSolution
		Debug|Any CPU = Debug|Any CPU
		Release|Any CPU = Release|Any CPU
	EndGlobalSection
	GlobalSection(ProjectConfigurationPlatforms) = postSolution
		{3DB0B73D-98B4-442E-940D-9E9661E86592}.Debug|Any CPU.ActiveCfg = Debug|Any CPU
		{3DB0B73D-98B4-442E-940D-9E9661E86592}.Debug|Any CPU.Build.0 = Debug|Any CPU
		{3DB0B73D-98B4-442E-940D-9E9661E86592}.Release|Any CPU.ActiveCfg = Release|Any CPU
		{3DB0B73D-98B4-442E-940D-9E9661E86592}.Release|Any CPU.Build.0 = Release|Any CPU
		{6577BB97-06AF-4373-981A-42D536190A73}.Debug|Any CPU.ActiveCfg = Debug|Any CPU
		{6577BB97-06AF-4373-981A-42D536190A73}.Debug|Any CPU.Build.0 = Debug|Any CPU
		{6577BB97-06AF-4373-981A-42D536190A73}.Release|Any CPU.ActiveCfg = Release|Any CPU
		{6577BB97-06AF-4373-981A-42D536190A73}.Release|Any CPU.Build.0 = Release|Any CPU
		{FAB45EC5-E536-4D41-8F79-6D3ED438C5A0}.Debug|Any CPU.ActiveCfg = Debug|Any CPU
		{FAB45EC5-E536-4D41-8F79-6D3ED438C5A0}.Debug|Any CPU.Build.0 = Debug|Any CPU
		{FAB45EC5-E536-4D41-8F79-6D3ED438C5A0}.Release|Any CPU.ActiveCfg = Release|Any CPU
		{FAB45EC5-E536-4D41-8F79-6D3ED438C5A0}.Release|Any CPU.Build.0 = Release|Any CPU
		{53B372F3-D7A7-40C5-B8BB-375DB61E685F}.Debug|Any CPU.ActiveCfg = Debug|Any CPU
		{53B372F3-D7A7-40C5-B8BB-375DB61E685F}.Debug|Any CPU.Build.0 = Debug|Any CPU
		{53B372F3-D7A7-40C5-B8BB-375DB61E685F}.Release|Any CPU.ActiveCfg = Release|Any CPU
		{53B372F3-D7A7-40C5-B8BB-375DB61E685F}.Release|Any CPU.Build.0 = Release|Any CPU
		{C32CC475-D46C-4D01-A284-71F51E422B7E}.Debug|Any CPU.ActiveCfg = Debug|Any CPU
		{C32CC475-D46C-4D01-A284-71F51E422B7E}.Debug|Any CPU.Build.0 = Debug|Any CPU
		{C32CC475-D46C-4D01-A284-71F51E422B7E}.Release|Any CPU.ActiveCfg = Release|Any CPU
		{C32CC475-D46C-4D01-A284-71F51E422B7E}.Release|Any CPU.Build.0 = Release|Any CPU
	EndGlobalSection
	GlobalSection(SolutionProperties) = preSolution
		HideSolutionNode = FALSE
	EndGlobalSection
	GlobalSection(NestedProjects) = preSolution
		{3DB0B73D-98B4-442E-940D-9E9661E86592} = {4CBB33D9-D556-4760-8984-0CE2B12598EE}
		{6577BB97-06AF-4373-981A-42D536190A73} = {AA65C9A2-8E61-4A83-88E4-8663F382E7C4}
		{FAB45EC5-E536-4D41-8F79-6D3ED438C5A0} = {6198DA5E-18DC-4378-9109-26EA00B431F9}
		{53B372F3-D7A7-40C5-B8BB-375DB61E685F} = {6198DA5E-18DC-4378-9109-26EA00B431F9}
		{C32CC475-D46C-4D01-A284-71F51E422B7E} = {4CBB33D9-D556-4760-8984-0CE2B12598EE}
	EndGlobalSection
	GlobalSection(ExtensibilityGlobals) = postSolution
		SolutionGuid = {31BBAF1E-A36A-4551-9A85-5329D579069F}
	EndGlobalSection
EndGlobal
